// !$*UTF8*$!
{
	archiveVersion = 1;
	classes = {
	};
	objectVersion = 46;
	objects = {

/* Begin PBXBuildFile section */
		3749B5181A09C50D0031D00C /* main.m in Sources */ = {isa = PBXBuildFile; fileRef = 3749B5171A09C50D0031D00C /* main.m */; };
		3749B51B1A09C50D0031D00C /* AppDelegate.m in Sources */ = {isa = PBXBuildFile; fileRef = 3749B51A1A09C50D0031D00C /* AppDelegate.m */; };
		3749B51E1A09C50D0031D00C /* SugarNursing.xcdatamodeld in Sources */ = {isa = PBXBuildFile; fileRef = 3749B51C1A09C50D0031D00C /* SugarNursing.xcdatamodeld */; };
		3749B5211A09C50D0031D00C /* ViewController.m in Sources */ = {isa = PBXBuildFile; fileRef = 3749B5201A09C50D0031D00C /* ViewController.m */; };
		3749B5241A09C50D0031D00C /* Main.storyboard in Resources */ = {isa = PBXBuildFile; fileRef = 3749B5221A09C50D0031D00C /* Main.storyboard */; };
		3749B5261A09C50D0031D00C /* Images.xcassets in Resources */ = {isa = PBXBuildFile; fileRef = 3749B5251A09C50D0031D00C /* Images.xcassets */; };
		3749B5291A09C50D0031D00C /* LaunchScreen.xib in Resources */ = {isa = PBXBuildFile; fileRef = 3749B5271A09C50D0031D00C /* LaunchScreen.xib */; };
		3749B5351A09C50D0031D00C /* SugarNursingTests.m in Sources */ = {isa = PBXBuildFile; fileRef = 3749B5341A09C50D0031D00C /* SugarNursingTests.m */; };
/* End PBXBuildFile section */

/* Begin PBXContainerItemProxy section */
		3749B52F1A09C50D0031D00C /* PBXContainerItemProxy */ = {
			isa = PBXContainerItemProxy;
			containerPortal = 3749B50A1A09C50D0031D00C /* Project object */;
			proxyType = 1;
			remoteGlobalIDString = 3749B5111A09C50D0031D00C;
			remoteInfo = SugarNursing;
		};
/* End PBXContainerItemProxy section */

/* Begin PBXFileReference section */
		3749B5121A09C50D0031D00C /* SugarNursing.app */ = {isa = PBXFileReference; explicitFileType = wrapper.application; includeInIndex = 0; path = SugarNursing.app; sourceTree = BUILT_PRODUCTS_DIR; };
		3749B5161A09C50D0031D00C /* Info.plist */ = {isa = PBXFileReference; lastKnownFileType = text.plist.xml; path = Info.plist; sourceTree = "<group>"; };
		3749B5171A09C50D0031D00C /* main.m */ = {isa = PBXFileReference; lastKnownFileType = sourcecode.c.objc; path = main.m; sourceTree = "<group>"; };
		3749B5191A09C50D0031D00C /* AppDelegate.h */ = {isa = PBXFileReference; lastKnownFileType = sourcecode.c.h; path = AppDelegate.h; sourceTree = "<group>"; };
		3749B51A1A09C50D0031D00C /* AppDelegate.m */ = {isa = PBXFileReference; lastKnownFileType = sourcecode.c.objc; path = AppDelegate.m; sourceTree = "<group>"; };
		3749B51D1A09C50D0031D00C /* SugarNursing.xcdatamodel */ = {isa = PBXFileReference; lastKnownFileType = wrapper.xcdatamodel; path = SugarNursing.xcdatamodel; sourceTree = "<group>"; };
		3749B51F1A09C50D0031D00C /* ViewController.h */ = {isa = PBXFileReference; lastKnownFileType = sourcecode.c.h; path = ViewController.h; sourceTree = "<group>"; };
		3749B5201A09C50D0031D00C /* ViewController.m */ = {isa = PBXFileReference; lastKnownFileType = sourcecode.c.objc; path = ViewController.m; sourceTree = "<group>"; };
		3749B5231A09C50D0031D00C /* Base */ = {isa = PBXFileReference; lastKnownFileType = file.storyboard; name = Base; path = Base.lproj/Main.storyboard; sourceTree = "<group>"; };
		3749B5251A09C50D0031D00C /* Images.xcassets */ = {isa = PBXFileReference; lastKnownFileType = folder.assetcatalog; path = Images.xcassets; sourceTree = "<group>"; };
		3749B5281A09C50D0031D00C /* Base */ = {isa = PBXFileReference; lastKnownFileType = file.xib; name = Base; path = Base.lproj/LaunchScreen.xib; sourceTree = "<group>"; };
		3749B52E1A09C50D0031D00C /* SugarNursingTests.xctest */ = {isa = PBXFileReference; explicitFileType = wrapper.cfbundle; includeInIndex = 0; path = SugarNursingTests.xctest; sourceTree = BUILT_PRODUCTS_DIR; };
		3749B5331A09C50D0031D00C /* Info.plist */ = {isa = PBXFileReference; lastKnownFileType = text.plist.xml; path = Info.plist; sourceTree = "<group>"; };
		3749B5341A09C50D0031D00C /* SugarNursingTests.m */ = {isa = PBXFileReference; lastKnownFileType = sourcecode.c.objc; path = SugarNursingTests.m; sourceTree = "<group>"; };
/* End PBXFileReference section */

/* Begin PBXFrameworksBuildPhase section */
		3749B50F1A09C50D0031D00C /* Frameworks */ = {
			isa = PBXFrameworksBuildPhase;
			buildActionMask = 2147483647;
			files = (
			);
			runOnlyForDeploymentPostprocessing = 0;
		};
		3749B52B1A09C50D0031D00C /* Frameworks */ = {
			isa = PBXFrameworksBuildPhase;
			buildActionMask = 2147483647;
			files = (
			);
			runOnlyForDeploymentPostprocessing = 0;
		};
/* End PBXFrameworksBuildPhase section */

/* Begin PBXGroup section */
		3749B5091A09C50D0031D00C = {
			isa = PBXGroup;
			children = (
				3749B5141A09C50D0031D00C /* SugarNursing */,
				3749B5311A09C50D0031D00C /* SugarNursingTests */,
				3749B5131A09C50D0031D00C /* Products */,
			);
			sourceTree = "<group>";
		};
		3749B5131A09C50D0031D00C /* Products */ = {
			isa = PBXGroup;
			children = (
				3749B5121A09C50D0031D00C /* SugarNursing.app */,
				3749B52E1A09C50D0031D00C /* SugarNursingTests.xctest */,
			);
			name = Products;
			sourceTree = "<group>";
		};
		3749B5141A09C50D0031D00C /* SugarNursing */ = {
			isa = PBXGroup;
			children = (
				3749B5191A09C50D0031D00C /* AppDelegate.h */,
				3749B51A1A09C50D0031D00C /* AppDelegate.m */,
				3749B51F1A09C50D0031D00C /* ViewController.h */,
				3749B5201A09C50D0031D00C /* ViewController.m */,
				3749B5221A09C50D0031D00C /* Main.storyboard */,
				3749B5251A09C50D0031D00C /* Images.xcassets */,
				3749B5271A09C50D0031D00C /* LaunchScreen.xib */,
				3749B51C1A09C50D0031D00C /* SugarNursing.xcdatamodeld */,
				3749B5151A09C50D0031D00C /* Supporting Files */,
			);
			path = SugarNursing;
			sourceTree = "<group>";
		};
		3749B5151A09C50D0031D00C /* Supporting Files */ = {
			isa = PBXGroup;
			children = (
				3749B5161A09C50D0031D00C /* Info.plist */,
				3749B5171A09C50D0031D00C /* main.m */,
			);
			name = "Supporting Files";
			sourceTree = "<group>";
		};
		3749B5311A09C50D0031D00C /* SugarNursingTests */ = {
			isa = PBXGroup;
			children = (
				3749B5341A09C50D0031D00C /* SugarNursingTests.m */,
				3749B5321A09C50D0031D00C /* Supporting Files */,
			);
			path = SugarNursingTests;
			sourceTree = "<group>";
		};
		3749B5321A09C50D0031D00C /* Supporting Files */ = {
			isa = PBXGroup;
			children = (
				3749B5331A09C50D0031D00C /* Info.plist */,
			);
			name = "Supporting Files";
			sourceTree = "<group>";
		};
/* End PBXGroup section */

/* Begin PBXNativeTarget section */
		3749B5111A09C50D0031D00C /* SugarNursing */ = {
			isa = PBXNativeTarget;
			buildConfigurationList = 3749B5381A09C50D0031D00C /* Build configuration list for PBXNativeTarget "SugarNursing" */;
			buildPhases = (
				3749B50E1A09C50D0031D00C /* Sources */,
				3749B50F1A09C50D0031D00C /* Frameworks */,
				3749B5101A09C50D0031D00C /* Resources */,
			);
			buildRules = (
			);
			dependencies = (
			);
			name = SugarNursing;
			productName = SugarNursing;
			productReference = 3749B5121A09C50D0031D00C /* SugarNursing.app */;
			productType = "com.apple.product-type.application";
		};
		3749B52D1A09C50D0031D00C /* SugarNursingTests */ = {
			isa = PBXNativeTarget;
			buildConfigurationList = 3749B53B1A09C50D0031D00C /* Build configuration list for PBXNativeTarget "SugarNursingTests" */;
			buildPhases = (
				3749B52A1A09C50D0031D00C /* Sources */,
				3749B52B1A09C50D0031D00C /* Frameworks */,
				3749B52C1A09C50D0031D00C /* Resources */,
			);
			buildRules = (
			);
			dependencies = (
				3749B5301A09C50D0031D00C /* PBXTargetDependency */,
			);
			name = SugarNursingTests;
			productName = SugarNursingTests;
			productReference = 3749B52E1A09C50D0031D00C /* SugarNursingTests.xctest */;
			productType = "com.apple.product-type.bundle.unit-test";
		};
/* End PBXNativeTarget section */

/* Begin PBXProject section */
		3749B50A1A09C50D0031D00C /* Project object */ = {
			isa = PBXProject;
			attributes = {
				LastUpgradeCheck = 0610;
				ORGANIZATIONNAME = Tisson;
				TargetAttributes = {
					3749B5111A09C50D0031D00C = {
						CreatedOnToolsVersion = 6.1;
					};
					3749B52D1A09C50D0031D00C = {
						CreatedOnToolsVersion = 6.1;
						TestTargetID = 3749B5111A09C50D0031D00C;
					};
				};
			};
			buildConfigurationList = 3749B50D1A09C50D0031D00C /* Build configuration list for PBXProject "SugarNursing" */;
			compatibilityVersion = "Xcode 3.2";
			developmentRegion = English;
			hasScannedForEncodings = 0;
			knownRegions = (
				en,
				Base,
			);
			mainGroup = 3749B5091A09C50D0031D00C;
			productRefGroup = 3749B5131A09C50D0031D00C /* Products */;
			projectDirPath = "";
			projectRoot = "";
			targets = (
				3749B5111A09C50D0031D00C /* SugarNursing */,
				3749B52D1A09C50D0031D00C /* SugarNursingTests */,
			);
		};
/* End PBXProject section */

/* Begin PBXResourcesBuildPhase section */
		3749B5101A09C50D0031D00C /* Resources */ = {
			isa = PBXResourcesBuildPhase;
			buildActionMask = 2147483647;
			files = (
				3749B5241A09C50D0031D00C /* Main.storyboard in Resources */,
				3749B5291A09C50D0031D00C /* LaunchScreen.xib in Resources */,
				3749B5261A09C50D0031D00C /* Images.xcassets in Resources */,
			);
			runOnlyForDeploymentPostprocessing = 0;
		};
		3749B52C1A09C50D0031D00C /* Resources */ = {
			isa = PBXResourcesBuildPhase;
			buildActionMask = 2147483647;
			files = (
			);
			runOnlyForDeploymentPostprocessing = 0;
		};
/* End PBXResourcesBuildPhase section */

/* Begin PBXSourcesBuildPhase section */
		3749B50E1A09C50D0031D00C /* Sources */ = {
			isa = PBXSourcesBuildPhase;
			buildActionMask = 2147483647;
			files = (
				3749B51B1A09C50D0031D00C /* AppDelegate.m in Sources */,
				3749B5181A09C50D0031D00C /* main.m in Sources */,
				3749B5211A09C50D0031D00C /* ViewController.m in Sources */,
				3749B51E1A09C50D0031D00C /* SugarNursing.xcdatamodeld in Sources */,
			);
			runOnlyForDeploymentPostprocessing = 0;
		};
		3749B52A1A09C50D0031D00C /* Sources */ = {
			isa = PBXSourcesBuildPhase;
			buildActionMask = 2147483647;
			files = (
				3749B5351A09C50D0031D00C /* SugarNursingTests.m in Sources */,
			);
			runOnlyForDeploymentPostprocessing = 0;
		};
/* End PBXSourcesBuildPhase section */

/* Begin PBXTargetDependency section */
		3749B5301A09C50D0031D00C /* PBXTargetDependency */ = {
			isa = PBXTargetDependency;
			target = 3749B5111A09C50D0031D00C /* SugarNursing */;
			targetProxy = 3749B52F1A09C50D0031D00C /* PBXContainerItemProxy */;
		};
/* End PBXTargetDependency section */

/* Begin PBXVariantGroup section */
		3749B5221A09C50D0031D00C /* Main.storyboard */ = {
			isa = PBXVariantGroup;
			children = (
				3749B5231A09C50D0031D00C /* Base */,
			);
			name = Main.storyboard;
			sourceTree = "<group>";
		};
		3749B5271A09C50D0031D00C /* LaunchScreen.xib */ = {
			isa = PBXVariantGroup;
			children = (
				3749B5281A09C50D0031D00C /* Base */,
			);
			name = LaunchScreen.xib;
			sourceTree = "<group>";
		};
/* End PBXVariantGroup section */

/* Begin XCBuildConfiguration section */
		3749B5361A09C50D0031D00C /* Debug */ = {
			isa = XCBuildConfiguration;
			buildSettings = {
				ALWAYS_SEARCH_USER_PATHS = NO;
				CLANG_CXX_LANGUAGE_STANDARD = "gnu++0x";
				CLANG_CXX_LIBRARY = "libc++";
				CLANG_ENABLE_MODULES = YES;
				CLANG_ENABLE_OBJC_ARC = YES;
				CLANG_WARN_BOOL_CONVERSION = YES;
				CLANG_WARN_CONSTANT_CONVERSION = YES;
				CLANG_WARN_DIRECT_OBJC_ISA_USAGE = YES_ERROR;
				CLANG_WARN_EMPTY_BODY = YES;
				CLANG_WARN_ENUM_CONVERSION = YES;
				CLANG_WARN_INT_CONVERSION = YES;
				CLANG_WARN_OBJC_ROOT_CLASS = YES_ERROR;
				CLANG_WARN_UNREACHABLE_CODE = YES;
				CLANG_WARN__DUPLICATE_METHOD_MATCH = YES;
				"CODE_SIGN_IDENTITY[sdk=iphoneos*]" = "iPhone Developer";
				COPY_PHASE_STRIP = NO;
				ENABLE_STRICT_OBJC_MSGSEND = YES;
				GCC_C_LANGUAGE_STANDARD = gnu99;
				GCC_DYNAMIC_NO_PIC = NO;
				GCC_OPTIMIZATION_LEVEL = 0;
				GCC_PREPROCESSOR_DEFINITIONS = (
					"DEBUG=1",
					"$(inherited)",
				);
				GCC_SYMBOLS_PRIVATE_EXTERN = NO;
				GCC_WARN_64_TO_32_BIT_CONVERSION = YES;
				GCC_WARN_ABOUT_RETURN_TYPE = YES_ERROR;
				GCC_WARN_UNDECLARED_SELECTOR = YES;
				GCC_WARN_UNINITIALIZED_AUTOS = YES_AGGRESSIVE;
				GCC_WARN_UNUSED_FUNCTION = YES;
				GCC_WARN_UNUSED_VARIABLE = YES;
				IPHONEOS_DEPLOYMENT_TARGET = 8.1;
				MTL_ENABLE_DEBUG_INFO = YES;
				ONLY_ACTIVE_ARCH = YES;
				SDKROOT = iphoneos;
				TARGETED_DEVICE_FAMILY = "1,2";
			};
			name = Debug;
		};
		3749B5371A09C50D0031D00C /* Release */ = {
			isa = XCBuildConfiguration;
			buildSettings = {
				ALWAYS_SEARCH_USER_PATHS = NO;
				CLANG_CXX_LANGUAGE_STANDARD = "gnu++0x";
				CLANG_CXX_LIBRARY = "libc++";
				CLANG_ENABLE_MODULES = YES;
				CLANG_ENABLE_OBJC_ARC = YES;
				CLANG_WARN_BOOL_CONVERSION = YES;
				CLANG_WARN_CONSTANT_CONVERSION = YES;
				CLANG_WARN_DIRECT_OBJC_ISA_USAGE = YES_ERROR;
				CLANG_WARN_EMPTY_BODY = YES;
				CLANG_WARN_ENUM_CONVERSION = YES;
				CLANG_WARN_INT_CONVERSION = YES;
				CLANG_WARN_OBJC_ROOT_CLASS = YES_ERROR;
				CLANG_WARN_UNREACHABLE_CODE = YES;
				CLANG_WARN__DUPLICATE_METHOD_MATCH = YES;
				"CODE_SIGN_IDENTITY[sdk=iphoneos*]" = "iPhone Developer";
				COPY_PHASE_STRIP = YES;
				ENABLE_NS_ASSERTIONS = NO;
				ENABLE_STRICT_OBJC_MSGSEND = YES;
				GCC_C_LANGUAGE_STANDARD = gnu99;
				GCC_WARN_64_TO_32_BIT_CONVERSION = YES;
				GCC_WARN_ABOUT_RETURN_TYPE = YES_ERROR;
				GCC_WARN_UNDECLARED_SELECTOR = YES;
				GCC_WARN_UNINITIALIZED_AUTOS = YES_AGGRESSIVE;
				GCC_WARN_UNUSED_FUNCTION = YES;
				GCC_WARN_UNUSED_VARIABLE = YES;
				IPHONEOS_DEPLOYMENT_TARGET = 8.1;
				MTL_ENABLE_DEBUG_INFO = NO;
				SDKROOT = iphoneos;
				TARGETED_DEVICE_FAMILY = "1,2";
				VALIDATE_PRODUCT = YES;
			};
			name = Release;
		};
		3749B5391A09C50D0031D00C /* Debug */ = {
			isa = XCBuildConfiguration;
			buildSettings = {
				ASSETCATALOG_COMPILER_APPICON_NAME = AppIcon;
				INFOPLIST_FILE = SugarNursing/Info.plist;
				LD_RUNPATH_SEARCH_PATHS = "$(inherited) @executable_path/Frameworks";
				PRODUCT_NAME = "$(TARGET_NAME)";
			};
			name = Debug;
		};
		3749B53A1A09C50D0031D00C /* Release */ = {
			isa = XCBuildConfiguration;
			buildSettings = {
				ASSETCATALOG_COMPILER_APPICON_NAME = AppIcon;
				INFOPLIST_FILE = SugarNursing/Info.plist;
				LD_RUNPATH_SEARCH_PATHS = "$(inherited) @executable_path/Frameworks";
				PRODUCT_NAME = "$(TARGET_NAME)";
			};
			name = Release;
		};
		3749B53C1A09C50D0031D00C /* Debug */ = {
			isa = XCBuildConfiguration;
			buildSettings = {
				BUNDLE_LOADER = "$(TEST_HOST)";
				FRAMEWORK_SEARCH_PATHS = (
					"$(SDKROOT)/Developer/Library/Frameworks",
					"$(inherited)",
				);
				GCC_PREPROCESSOR_DEFINITIONS = (
					"DEBUG=1",
					"$(inherited)",
				);
				INFOPLIST_FILE = SugarNursingTests/Info.plist;
				LD_RUNPATH_SEARCH_PATHS = "$(inherited) @executable_path/Frameworks @loader_path/Frameworks";
				PRODUCT_NAME = "$(TARGET_NAME)";
				TEST_HOST = "$(BUILT_PRODUCTS_DIR)/SugarNursing.app/SugarNursing";
			};
			name = Debug;
		};
		3749B53D1A09C50D0031D00C /* Release */ = {
			isa = XCBuildConfiguration;
			buildSettings = {
				BUNDLE_LOADER = "$(TEST_HOST)";
				FRAMEWORK_SEARCH_PATHS = (
					"$(SDKROOT)/Developer/Library/Frameworks",
					"$(inherited)",
				);
				INFOPLIST_FILE = SugarNursingTests/Info.plist;
				LD_RUNPATH_SEARCH_PATHS = "$(inherited) @executable_path/Frameworks @loader_path/Frameworks";
				PRODUCT_NAME = "$(TARGET_NAME)";
				TEST_HOST = "$(BUILT_PRODUCTS_DIR)/SugarNursing.app/SugarNursing";
			};
			name = Release;
		};
/* End XCBuildConfiguration section */

/* Begin XCConfigurationList section */
		3749B50D1A09C50D0031D00C /* Build configuration list for PBXProject "SugarNursing" */ = {
			isa = XCConfigurationList;
			buildConfigurations = (
				3749B5361A09C50D0031D00C /* Debug */,
				3749B5371A09C50D0031D00C /* Release */,
			);
			defaultConfigurationIsVisible = 0;
			defaultConfigurationName = Release;
		};
		3749B5381A09C50D0031D00C /* Build configuration list for PBXNativeTarget "SugarNursing" */ = {
			isa = XCConfigurationList;
			buildConfigurations = (
				3749B5391A09C50D0031D00C /* Debug */,
				3749B53A1A09C50D0031D00C /* Release */,
			);
			defaultConfigurationIsVisible = 0;
		};
		3749B53B1A09C50D0031D00C /* Build configuration list for PBXNativeTarget "SugarNursingTests" */ = {
			isa = XCConfigurationList;
			buildConfigurations = (
				3749B53C1A09C50D0031D00C /* Debug */,
				3749B53D1A09C50D0031D00C /* Release */,
			);
			defaultConfigurationIsVisible = 0;
		};
/* End XCConfigurationList section */

/* Begin XCVersionGroup section */
		3749B51C1A09C50D0031D00C /* SugarNursing.xcdatamodeld */ = {
			isa = XCVersionGroup;
			children = (
				3749B51D1A09C50D0031D00C /* SugarNursing.xcdatamodel */,
			);
			currentVersion = 3749B51D1A09C50D0031D00C /* SugarNursing.xcdatamodel */;
			path = SugarNursing.xcdatamodeld;
			sourceTree = "<group>";
			versionGroupType = wrapper.xcdatamodel;
		};
/* End XCVersionGroup section */
	};
	rootObject = 3749B50A1A09C50D0031D00C /* Project object */;
}
